// !$*UTF8*$!
{
	archiveVersion = 1;
	classes = {
	};
	objectVersion = 46;
	objects = {

/* Begin PBXBuildFile section */
		6C9DC0DD1E652CA0003E2AC6 /* AppDelegate.swift in Sources */ = {isa = PBXBuildFile; fileRef = 6C9DC0DC1E652CA0003E2AC6 /* AppDelegate.swift */; };
		6C9DC0DF1E652CA0003E2AC6 /* ViewController.swift in Sources */ = {isa = PBXBuildFile; fileRef = 6C9DC0DE1E652CA0003E2AC6 /* ViewController.swift */; };
		6C9DC0E21E652CA0003E2AC6 /* Main.storyboard in Resources */ = {isa = PBXBuildFile; fileRef = 6C9DC0E01E652CA0003E2AC6 /* Main.storyboard */; };
		6C9DC0E41E652CA0003E2AC6 /* Assets.xcassets in Resources */ = {isa = PBXBuildFile; fileRef = 6C9DC0E31E652CA0003E2AC6 /* Assets.xcassets */; };
		6C9DC0E71E652CA0003E2AC6 /* LaunchScreen.storyboard in Resources */ = {isa = PBXBuildFile; fileRef = 6C9DC0E51E652CA0003E2AC6 /* LaunchScreen.storyboard */; };
		6C9DC0EF1E654564003E2AC6 /* 8.gif in Resources */ = {isa = PBXBuildFile; fileRef = 6C9DC0EE1E654564003E2AC6 /* 8.gif */; };
/* End PBXBuildFile section */

/* Begin PBXFileReference section */
		6C9DC0D91E652CA0003E2AC6 /* GradientColor_08.app */ = {isa = PBXFileReference; explicitFileType = wrapper.application; includeInIndex = 0; path = GradientColor_08.app; sourceTree = BUILT_PRODUCTS_DIR; };
		6C9DC0DC1E652CA0003E2AC6 /* AppDelegate.swift */ = {isa = PBXFileReference; lastKnownFileType = sourcecode.swift; path = AppDelegate.swift; sourceTree = "<group>"; };
		6C9DC0DE1E652CA0003E2AC6 /* ViewController.swift */ = {isa = PBXFileReference; lastKnownFileType = sourcecode.swift; path = ViewController.swift; sourceTree = "<group>"; };
		6C9DC0E11E652CA0003E2AC6 /* Base */ = {isa = PBXFileReference; lastKnownFileType = file.storyboard; name = Base; path = Base.lproj/Main.storyboard; sourceTree = "<group>"; };
		6C9DC0E31E652CA0003E2AC6 /* Assets.xcassets */ = {isa = PBXFileReference; lastKnownFileType = folder.assetcatalog; path = Assets.xcassets; sourceTree = "<group>"; };
		6C9DC0E61E652CA0003E2AC6 /* Base */ = {isa = PBXFileReference; lastKnownFileType = file.storyboard; name = Base; path = Base.lproj/LaunchScreen.storyboard; sourceTree = "<group>"; };
		6C9DC0E81E652CA0003E2AC6 /* Info.plist */ = {isa = PBXFileReference; lastKnownFileType = text.plist.xml; path = Info.plist; sourceTree = "<group>"; };
		6C9DC0EE1E654564003E2AC6 /* 8.gif */ = {isa = PBXFileReference; lastKnownFileType = image.gif; path = 8.gif; sourceTree = "<group>"; };
/* End PBXFileReference section */

/* Begin PBXFrameworksBuildPhase section */
		6C9DC0D61E652CA0003E2AC6 /* Frameworks */ = {
			isa = PBXFrameworksBuildPhase;
			buildActionMask = 2147483647;
			files = (
			);
			runOnlyForDeploymentPostprocessing = 0;
		};
/* End PBXFrameworksBuildPhase section */

/* Begin PBXGroup section */
		6C9DC0D01E652CA0003E2AC6 = {
			isa = PBXGroup;
			children = (
				6C9DC0DB1E652CA0003E2AC6 /* GradientColor_08 */,
				6C9DC0DA1E652CA0003E2AC6 /* Products */,
			);
			sourceTree = "<group>";
		};
		6C9DC0DA1E652CA0003E2AC6 /* Products */ = {
			isa = PBXGroup;
			children = (
				6C9DC0D91E652CA0003E2AC6 /* GradientColor_08.app */,
			);
			name = Products;
			sourceTree = "<group>";
		};
		6C9DC0DB1E652CA0003E2AC6 /* GradientColor_08 */ = {
			isa = PBXGroup;
			children = (
				6C9DC0DC1E652CA0003E2AC6 /* AppDelegate.swift */,
				6C9DC0DE1E652CA0003E2AC6 /* ViewController.swift */,
				6C9DC0E01E652CA0003E2AC6 /* Main.storyboard */,
				6C9DC0E31E652CA0003E2AC6 /* Assets.xcassets */,
				6C9DC0EE1E654564003E2AC6 /* 8.gif */,
				6C9DC0E51E652CA0003E2AC6 /* LaunchScreen.storyboard */,
				6C9DC0E81E652CA0003E2AC6 /* Info.plist */,
			);
			path = GradientColor_08;
			sourceTree = "<group>";
		};
/* End PBXGroup section */

/* Begin PBXNativeTarget section */
		6C9DC0D81E652CA0003E2AC6 /* GradientColor_08 */ = {
			isa = PBXNativeTarget;
			buildConfigurationList = 6C9DC0EB1E652CA0003E2AC6 /* Build configuration list for PBXNativeTarget "GradientColor_08" */;
			buildPhases = (
				6C9DC0D51E652CA0003E2AC6 /* Sources */,
				6C9DC0D61E652CA0003E2AC6 /* Frameworks */,
				6C9DC0D71E652CA0003E2AC6 /* Resources */,
			);
			buildRules = (
			);
			dependencies = (
			);
			name = GradientColor_08;
			productName = GradientColor_08;
			productReference = 6C9DC0D91E652CA0003E2AC6 /* GradientColor_08.app */;
			productType = "com.apple.product-type.application";
		};
/* End PBXNativeTarget section */

/* Begin PBXProject section */
		6C9DC0D11E652CA0003E2AC6 /* Project object */ = {
			isa = PBXProject;
			attributes = {
				LastSwiftUpdateCheck = 0820;
				LastUpgradeCheck = 0820;
				ORGANIZATIONNAME = ligen;
				TargetAttributes = {
					6C9DC0D81E652CA0003E2AC6 = {
						CreatedOnToolsVersion = 8.2.1;
						DevelopmentTeam = PBQBGL3PA2;
						ProvisioningStyle = Automatic;
					};
				};
			};
			buildConfigurationList = 6C9DC0D41E652CA0003E2AC6 /* Build configuration list for PBXProject "GradientColor_08" */;
			compatibilityVersion = "Xcode 3.2";
			developmentRegion = English;
			hasScannedForEncodings = 0;
			knownRegions = (
				en,
				Base,
			);
			mainGroup = 6C9DC0D01E652CA0003E2AC6;
			productRefGroup = 6C9DC0DA1E652CA0003E2AC6 /* Products */;
			projectDirPath = "";
			projectRoot = "";
			targets = (
				6C9DC0D81E652CA0003E2AC6 /* GradientColor_08 */,
			);
		};
/* End PBXProject section */

/* Begin PBXResourcesBuildPhase section */
		6C9DC0D71E652CA0003E2AC6 /* Resources */ = {
			isa = PBXResourcesBuildPhase;
			buildActionMask = 2147483647;
			files = (
				6C9DC0E71E652CA0003E2AC6 /* LaunchScreen.storyboard in Resources */,
				6C9DC0EF1E654564003E2AC6 /* 8.gif in Resources */,
				6C9DC0E41E652CA0003E2AC6 /* Assets.xcassets in Resources */,
				6C9DC0E21E652CA0003E2AC6 /* Main.storyboard in Resources */,
			);
			runOnlyForDeploymentPostprocessing = 0;
		};
/* End PBXResourcesBuildPhase section */

/* Begin PBXSourcesBuildPhase section */
		6C9DC0D51E652CA0003E2AC6 /* Sources */ = {
			isa = PBXSourcesBuildPhase;
			buildActionMask = 2147483647;
			files = (
				6C9DC0DF1E652CA0003E2AC6 /* ViewController.swift in Sources */,
				6C9DC0DD1E652CA0003E2AC6 /* AppDelegate.swift in Sources */,
			);
			runOnlyForDeploymentPostprocessing = 0;
		};
/* End PBXSourcesBuildPhase section */

/* Begin PBXVariantGroup section */
		6C9DC0E01E652CA0003E2AC6 /* Main.storyboard */ = {
			isa = PBXVariantGroup;
			children = (
				6C9DC0E11E652CA0003E2AC6 /* Base */,
			);
			name = Main.storyboard;
			sourceTree = "<group>";
		};
		6C9DC0E51E652CA0003E2AC6 /* LaunchScreen.storyboard */ = {
			isa = PBXVariantGroup;
			children = (
				6C9DC0E61E652CA0003E2AC6 /* Base */,
			);
			name = LaunchScreen.storyboard;
			sourceTree = "<group>";
		};
/* End PBXVariantGroup section */

/* Begin XCBuildConfiguration section */
		6C9DC0E91E652CA0003E2AC6 /* Debug */ = {
			isa = XCBuildConfiguration;
			buildSettings = {
				ALWAYS_SEARCH_USER_PATHS = NO;
				CLANG_ANALYZER_NONNULL = YES;
				CLANG_CXX_LANGUAGE_STANDARD = "gnu++0x";
				CLANG_CXX_LIBRARY = "libc++";
				CLANG_ENABLE_MODULES = YES;
				CLANG_ENABLE_OBJC_ARC = YES;
				CLANG_WARN_BOOL_CONVERSION = YES;
				CLANG_WARN_CONSTANT_CONVERSION = YES;
				CLANG_WARN_DIRECT_OBJC_ISA_USAGE = YES_ERROR;
				CLANG_WARN_DOCUMENTATION_COMMENTS = YES;
				CLANG_WARN_EMPTY_BODY = YES;
				CLANG_WARN_ENUM_CONVERSION = YES;
				CLANG_WARN_INFINITE_RECURSION = YES;
				CLANG_WARN_INT_CONVERSION = YES;
				CLANG_WARN_OBJC_ROOT_CLASS = YES_ERROR;
				CLANG_WARN_SUSPICIOUS_MOVE = YES;
				CLANG_WARN_UNREACHABLE_CODE = YES;
				CLANG_WARN__DUPLICATE_METHOD_MATCH = YES;
				"CODE_SIGN_IDENTITY[sdk=iphoneos*]" = "iPhone Developer";
				COPY_PHASE_STRIP = NO;
				DEBUG_INFORMATION_FORMAT = dwarf;
				ENABLE_STRICT_OBJC_MSGSEND = YES;
				ENABLE_TESTABILITY = YES;
				GCC_C_LANGUAGE_STANDARD = gnu99;
				GCC_DYNAMIC_NO_PIC = NO;
				GCC_NO_COMMON_BLOCKS = YES;
				GCC_OPTIMIZATION_LEVEL = 0;
				GCC_PREPROCESSOR_DEFINITIONS = (
					"DEBUG=1",
					"$(inherited)",
				);
				GCC_WARN_64_TO_32_BIT_CONVERSION = YES;
				GCC_WARN_ABOUT_RETURN_TYPE = YES_ERROR;
				GCC_WARN_UNDECLARED_SELECTOR = YES;
				GCC_WARN_UNINITIALIZED_AUTOS = YES_AGGRESSIVE;
				GCC_WARN_UNUSED_FUNCTION = YES;
				GCC_WARN_UNUSED_VARIABLE = YES;
				IPHONEOS_DEPLOYMENT_TARGET = 10.2;
				MTL_ENABLE_DEBUG_INFO = YES;
				ONLY_ACTIVE_ARCH = YES;
				SDKROOT = iphoneos;
				SWIFT_ACTIVE_COMPILATION_CONDITIONS = DEBUG;
				SWIFT_OPTIMIZATION_LEVEL = "-Onone";
			};
			name = Debug;
		};
		6C9DC0EA1E652CA0003E2AC6 /* Release */ = {
			isa = XCBuildConfiguration;
			buildSettings = {
				ALWAYS_SEARCH_USER_PATHS = NO;
				CLANG_ANALYZER_NONNULL = YES;
				CLANG_CXX_LANGUAGE_STANDARD = "gnu++0x";
				CLANG_CXX_LIBRARY = "libc++";
				CLANG_ENABLE_MODULES = YES;
				CLANG_ENABLE_OBJC_ARC = YES;
				CLANG_WARN_BOOL_CONVERSION = YES;
				CLANG_WARN_CONSTANT_CONVERSION = YES;
				CLANG_WARN_DIRECT_OBJC_ISA_USAGE = YES_ERROR;
				CLANG_WARN_DOCUMENTATION_COMMENTS = YES;
				CLANG_WARN_EMPTY_BODY = YES;
				CLANG_WARN_ENUM_CONVERSION = YES;
				CLANG_WARN_INFINITE_RECURSION = YES;
				CLANG_WARN_INT_CONVERSION = YES;
				CLANG_WARN_OBJC_ROOT_CLASS = YES_ERROR;
				CLANG_WARN_SUSPICIOUS_MOVE = YES;
				CLANG_WARN_UNREACHABLE_CODE = YES;
				CLANG_WARN__DUPLICATE_METHOD_MATCH = YES;
				"CODE_SIGN_IDENTITY[sdk=iphoneos*]" = "iPhone Developer";
				COPY_PHASE_STRIP = NO;
				DEBUG_INFORMATION_FORMAT = "dwarf-with-dsym";
				ENABLE_NS_ASSERTIONS = NO;
				ENABLE_STRICT_OBJC_MSGSEND = YES;
				GCC_C_LANGUAGE_STANDARD = gnu99;
				GCC_NO_COMMON_BLOCKS = YES;
				GCC_WARN_64_TO_32_BIT_CONVERSION = YES;
				GCC_WARN_ABOUT_RETURN_TYPE = YES_ERROR;
				GCC_WARN_UNDECLARED_SELECTOR = YES;
				GCC_WARN_UNINITIALIZED_AUTOS = YES_AGGRESSIVE;
				GCC_WARN_UNUSED_FUNCTION = YES;
				GCC_WARN_UNUSED_VARIABLE = YES;
				IPHONEOS_DEPLOYMENT_TARGET = 10.2;
				MTL_ENABLE_DEBUG_INFO = NO;
				SDKROOT = iphoneos;
				SWIFT_OPTIMIZATION_LEVEL = "-Owholemodule";
				VALIDATE_PRODUCT = YES;
			};
			name = Release;
		};
		6C9DC0EC1E652CA0003E2AC6 /* Debug */ = {
			isa = XCBuildConfiguration;
			buildSettings = {
				ASSETCATALOG_COMPILER_APPICON_NAME = AppIcon;
				DEVELOPMENT_TEAM = PBQBGL3PA2;
				INFOPLIST_FILE = GradientColor_08/Info.plist;
				LD_RUNPATH_SEARCH_PATHS = "$(inherited) @executable_path/Frameworks";
				PRODUCT_BUNDLE_IDENTIFIER = "qingshanliuyun.GradientColor-08";
				PRODUCT_NAME = "$(TARGET_NAME)";
				SWIFT_VERSION = 3.0;
			};
			name = Debug;
		};
		6C9DC0ED1E652CA0003E2AC6 /* Release */ = {
			isa = XCBuildConfiguration;
			buildSettings = {
				ASSETCATALOG_COMPILER_APPICON_NAME = AppIcon;
				DEVELOPMENT_TEAM = PBQBGL3PA2;
				INFOPLIST_FILE = GradientColor_08/Info.plist;
				LD_RUNPATH_SEARCH_PATHS = "$(inherited) @executable_path/Frameworks";
				PRODUCT_BUNDLE_IDENTIFIER = "qingshanliuyun.GradientColor-08";
				PRODUCT_NAME = "$(TARGET_NAME)";
				SWIFT_VERSION = 3.0;
			};
			name = Release;
		};
/* End XCBuildConfiguration section */

/* Begin XCConfigurationList section */
		6C9DC0D41E652CA0003E2AC6 /* Build configuration list for PBXProject "GradientColor_08" */ = {
			isa = XCConfigurationList;
			buildConfigurations = (
				6C9DC0E91E652CA0003E2AC6 /* Debug */,
				6C9DC0EA1E652CA0003E2AC6 /* Release */,
			);
			defaultConfigurationIsVisible = 0;
			defaultConfigurationName = Release;
		};
		6C9DC0EB1E652CA0003E2AC6 /* Build configuration list for PBXNativeTarget "GradientColor_08" */ = {
			isa = XCConfigurationList;
			buildConfigurations = (
				6C9DC0EC1E652CA0003E2AC6 /* Debug */,
				6C9DC0ED1E652CA0003E2AC6 /* Release */,
			);
			defaultConfigurationIsVisible = 0;
		};
/* End XCConfigurationList section */
	};
	rootObject = 6C9DC0D11E652CA0003E2AC6 /* Project object */;
}
